
Microsoft Visual Studio Solution File, Format Version 12.00
# Visual Studio Version 17
VisualStudioVersion = 17.0.31903.59
MinimumVisualStudioVersion = 10.0.40219.1
Project("{FAE04EC0-301F-11D3-BF4B-00C04F79EFBC}") = "CoolMeals.BLL", "src\CoolMeals.BLL\CoolMeals.BLL.csproj", "{B09E5525-3BA1-4665-807A-300BCDC1B2B1}"
EndProject
Project("{FAE04EC0-301F-11D3-BF4B-00C04F79EFBC}") = "CoolMeals.DAL", "src\CoolMeals.DAL\CoolMeals.DAL.csproj", "{01CD124F-E97A-4289-B03B-315E594F0812}"
EndProject
Project("{FAE04EC0-301F-11D3-BF4B-00C04F79EFBC}") = "CoolMeals.Shared", "src\CoolMeals.Shared\CoolMeals.Shared.csproj", "{B5F83128-00F1-4147-90D7-B1D0049E3B20}"
EndProject
Project("{FAE04EC0-301F-11D3-BF4B-00C04F79EFBC}") = "CoolMeals.UI", "src\CoolMeals.UI\CoolMeals.UI.csproj", "{FBBB5F6C-3C59-4E0D-A72B-2D01A4EE1040}"
EndProject
Global
	GlobalSection(SolutionConfigurationPlatforms) = preSolution
		Debug|Any CPU = Debug|Any CPU
		Release|Any CPU = Release|Any CPU
	EndGlobalSection
	GlobalSection(ProjectConfigurationPlatforms) = postSolution
		{B09E5525-3BA1-4665-807A-300BCDC1B2B1}.Debug|Any CPU.ActiveCfg = Debug|Any CPU
		{B09E5525-3BA1-4665-807A-300BCDC1B2B1}.Debug|Any CPU.Build.0 = Debug|Any CPU
		{B09E5525-3BA1-4665-807A-300BCDC1B2B1}.Release|Any CPU.ActiveCfg = Release|Any CPU
		{B09E5525-3BA1-4665-807A-300BCDC1B2B1}.Release|Any CPU.Build.0 = Release|Any CPU
		{01CD124F-E97A-4289-B03B-315E594F0812}.Debug|Any CPU.ActiveCfg = Debug|Any CPU
		{01CD124F-E97A-4289-B03B-315E594F0812}.Debug|Any CPU.Build.0 = Debug|Any CPU
		{01CD124F-E97A-4289-B03B-315E594F0812}.Release|Any CPU.ActiveCfg = Release|Any CPU
		{01CD124F-E97A-4289-B03B-315E594F0812}.Release|Any CPU.Build.0 = Release|Any CPU
		{B5F83128-00F1-4147-90D7-B1D0049E3B20}.Debug|Any CPU.ActiveCfg = Debug|Any CPU
		{B5F83128-00F1-4147-90D7-B1D0049E3B20}.Debug|Any CPU.Build.0 = Debug|Any CPU
		{B5F83128-00F1-4147-90D7-B1D0049E3B20}.Release|Any CPU.ActiveCfg = Release|Any CPU
		{B5F83128-00F1-4147-90D7-B1D0049E3B20}.Release|Any CPU.Build.0 = Release|Any CPU
		{FBBB5F6C-3C59-4E0D-A72B-2D01A4EE1040}.Debug|Any CPU.ActiveCfg = Debug|Any CPU
		{FBBB5F6C-3C59-4E0D-A72B-2D01A4EE1040}.Debug|Any CPU.Build.0 = Debug|Any CPU
		{FBBB5F6C-3C59-4E0D-A72B-2D01A4EE1040}.Release|Any CPU.ActiveCfg = Release|Any CPU
		{FBBB5F6C-3C59-4E0D-A72B-2D01A4EE1040}.Release|Any CPU.Build.0 = Release|Any CPU
	EndGlobalSection
	GlobalSection(SolutionProperties) = preSolution
		HideSolutionNode = FALSE
	EndGlobalSection
EndGlobal
